
Microsoft Visual Studio Solution File, Format Version 12.00
# Visual Studio Version 17
VisualStudioVersion = 17.6.33829.357
MinimumVisualStudioVersion = 10.0.40219.1
Project("{FAE04EC0-301F-11D3-BF4B-00C04F79EFBC}") = "WindowsProxyChanger", "WindowsProxyChanger\WindowsProxyChanger.csproj", "{0EB93466-AC9F-4A43-B3CB-E9403A5ECAC5}"
EndProject
Global
	GlobalSection(SolutionConfigurationPlatforms) = preSolution
		Debug|Any CPU = Debug|Any CPU
		Release|Any CPU = Release|Any CPU
	EndGlobalSection
	GlobalSection(ProjectConfigurationPlatforms) = postSolution
		{0EB93466-AC9F-4A43-B3CB-E9403A5ECAC5}.Debug|Any CPU.ActiveCfg = Debug|Any CPU
		{0EB93466-AC9F-4A43-B3CB-E9403A5ECAC5}.Debug|Any CPU.Build.0 = Debug|Any CPU
		{0EB93466-AC9F-4A43-B3CB-E9403A5ECAC5}.Release|Any CPU.ActiveCfg = Release|Any CPU
		{0EB93466-AC9F-4A43-B3CB-E9403A5ECAC5}.Release|Any CPU.Build.0 = Release|Any CPU
	EndGlobalSection
	GlobalSection(SolutionProperties) = preSolution
		HideSolutionNode = FALSE
	EndGlobalSection
	GlobalSection(ExtensibilityGlobals) = postSolution
		SolutionGuid = {90F4810F-7EEB-4597-BBB8-A251252E02D6}
	EndGlobalSection
EndGlobal
